
Microsoft Visual Studio Solution File, Format Version 12.00
# Visual Studio Version 16
VisualStudioVersion = 16.0.33214.272
MinimumVisualStudioVersion = 10.0.40219.1
Project("{FAE04EC0-301F-11D3-BF4B-00C04F79EFBC}") = "SupermarketAPI", "SupermarketAPI\SupermarketAPI.csproj", "{512189CE-AEB9-40F7-8DD7-9F342B497754}"
EndProject
Global
	GlobalSection(SolutionConfigurationPlatforms) = preSolution
		Debug|Any CPU = Debug|Any CPU
		Release|Any CPU = Release|Any CPU
	EndGlobalSection
	GlobalSection(ProjectConfigurationPlatforms) = postSolution
		{512189CE-AEB9-40F7-8DD7-9F342B497754}.Debug|Any CPU.ActiveCfg = Debug|Any CPU
		{512189CE-AEB9-40F7-8DD7-9F342B497754}.Debug|Any CPU.Build.0 = Debug|Any CPU
		{512189CE-AEB9-40F7-8DD7-9F342B497754}.Release|Any CPU.ActiveCfg = Release|Any CPU
		{512189CE-AEB9-40F7-8DD7-9F342B497754}.Release|Any CPU.Build.0 = Release|Any CPU
	EndGlobalSection
	GlobalSection(SolutionProperties) = preSolution
		HideSolutionNode = FALSE
	EndGlobalSection
	GlobalSection(ExtensibilityGlobals) = postSolution
		SolutionGuid = {ACEA5485-1957-46C4-9458-756B43B89807}
	EndGlobalSection
EndGlobal
